
Microsoft Visual Studio Solution File, Format Version 12.00
# Visual Studio Version 17
VisualStudioVersion = 17.11.35312.102
MinimumVisualStudioVersion = 10.0.40219.1
Project("{9A19103F-16F7-4668-BE54-9A1E7A4F7556}") = "ValidateCpf", "src\Validate.CPF\ValidateCpf.csproj", "{EFB0E2D3-3009-459A-9F61-6EE6251646E7}"
EndProject
Global
	GlobalSection(SolutionConfigurationPlatforms) = preSolution
		Debug|Any CPU = Debug|Any CPU
		Release|Any CPU = Release|Any CPU
	EndGlobalSection
	GlobalSection(ProjectConfigurationPlatforms) = postSolution
		{EFB0E2D3-3009-459A-9F61-6EE6251646E7}.Debug|Any CPU.ActiveCfg = Debug|Any CPU
		{EFB0E2D3-3009-459A-9F61-6EE6251646E7}.Debug|Any CPU.Build.0 = Debug|Any CPU
		{EFB0E2D3-3009-459A-9F61-6EE6251646E7}.Release|Any CPU.ActiveCfg = Release|Any CPU
		{EFB0E2D3-3009-459A-9F61-6EE6251646E7}.Release|Any CPU.Build.0 = Release|Any CPU
	EndGlobalSection
	GlobalSection(SolutionProperties) = preSolution
		HideSolutionNode = FALSE
	EndGlobalSection
	GlobalSection(ExtensibilityGlobals) = postSolution
		SolutionGuid = {7C10139D-63E3-42A0-ADA0-C64C59D96667}
	EndGlobalSection
EndGlobal
